
Microsoft Visual Studio Solution File, Format Version 12.00
# Visual Studio Version 16
VisualStudioVersion = 16.0.31229.75
MinimumVisualStudioVersion = 10.0.40219.1
Project("{FAE04EC0-301F-11D3-BF4B-00C04F79EFBC}") = "HRApplicationUsingAJAX", "HRApplicationUsingAJAX\HRApplicationUsingAJAX.csproj", "{4DA5103B-B78C-40E3-BB50-BB540165364A}"
EndProject
Global
	GlobalSection(SolutionConfigurationPlatforms) = preSolution
		Debug|Any CPU = Debug|Any CPU
		Release|Any CPU = Release|Any CPU
	EndGlobalSection
	GlobalSection(ProjectConfigurationPlatforms) = postSolution
		{4DA5103B-B78C-40E3-BB50-BB540165364A}.Debug|Any CPU.ActiveCfg = Debug|Any CPU
		{4DA5103B-B78C-40E3-BB50-BB540165364A}.Debug|Any CPU.Build.0 = Debug|Any CPU
		{4DA5103B-B78C-40E3-BB50-BB540165364A}.Release|Any CPU.ActiveCfg = Release|Any CPU
		{4DA5103B-B78C-40E3-BB50-BB540165364A}.Release|Any CPU.Build.0 = Release|Any CPU
	EndGlobalSection
	GlobalSection(SolutionProperties) = preSolution
		HideSolutionNode = FALSE
	EndGlobalSection
	GlobalSection(ExtensibilityGlobals) = postSolution
		SolutionGuid = {406643DD-3220-404F-8CF4-389E78C0EC73}
	EndGlobalSection
EndGlobal
